
Microsoft Visual Studio Solution File, Format Version 12.00
# Visual Studio Version 16
VisualStudioVersion = 16.0.34301.259
MinimumVisualStudioVersion = 10.0.40219.1
Project("{00D1A9C2-B5F0-4AF3-8072-F6C62B433612}") = "SqlDataTool", "SqlDataTool.sqlproj", "{148409BB-835C-445E-8A99-87176328AEE0}"
EndProject
Global
	GlobalSection(SolutionConfigurationPlatforms) = preSolution
		Debug|Any CPU = Debug|Any CPU
		Release|Any CPU = Release|Any CPU
	EndGlobalSection
	GlobalSection(ProjectConfigurationPlatforms) = postSolution
		{148409BB-835C-445E-8A99-87176328AEE0}.Debug|Any CPU.ActiveCfg = Debug|Any CPU
		{148409BB-835C-445E-8A99-87176328AEE0}.Debug|Any CPU.Build.0 = Debug|Any CPU
		{148409BB-835C-445E-8A99-87176328AEE0}.Debug|Any CPU.Deploy.0 = Debug|Any CPU
		{148409BB-835C-445E-8A99-87176328AEE0}.Release|Any CPU.ActiveCfg = Release|Any CPU
		{148409BB-835C-445E-8A99-87176328AEE0}.Release|Any CPU.Build.0 = Release|Any CPU
		{148409BB-835C-445E-8A99-87176328AEE0}.Release|Any CPU.Deploy.0 = Release|Any CPU
	EndGlobalSection
	GlobalSection(SolutionProperties) = preSolution
		HideSolutionNode = FALSE
	EndGlobalSection
	GlobalSection(ExtensibilityGlobals) = postSolution
		SolutionGuid = {8FB71A44-7E94-4FA2-A109-A14ED5182246}
	EndGlobalSection
EndGlobal
